<Solution>
  <Folder Name="/docs/" />
  <Folder Name="/docs/examples/">
    <File Path="docs/examples/colors.json" />
    <File Path="docs/examples/logo.png" />
    <File Path="docs/examples/metadata.xml" />
  </Folder>
  <Folder Name="/Solution Items/">
    <File Path=".editorconfig" />
    <File Path=".gitattributes" />
    <File Path=".gitignore" />
    <File Path="CODEOWNERS" />
    <File Path="CODE_OF_CONDUCT.md" />
    <File Path="Directory.Build.props" />
    <File Path="Directory.Packages.props" />
    <File Path="LICENSE" />
    <File Path="README.md" />
  </Folder>
  <Folder Name="/src/">
    <Project Path="src/SSRS.Brand.Editor.Application/SSRS.Brand.Editor.Application.csproj" />
    <Project Path="src/SSRS.Brand.Editor.Domain/SSRS.Brand.Editor.Domain.csproj" />
    <Project Path="src/SSRS.Brand.Editor.Infrastructure/SSRS.Brand.Editor.Infrastructure.csproj" />
    <Project Path="src/SSRS.Brand.Editor.Presentation/SSRS.Brand.Editor.Presentation.csproj" />
    <Project Path="src/SSRS.Brand.Editor/SSRS.Brand.Editor.csproj" />
  </Folder>
  <Folder Name="/tests/">
    <Project Path="tests/SSRS.Brand.Editor.Application.Tests/SSRS.Brand.Editor.Application.Tests.csproj" />
    <Project Path="tests/SSRS.Brand.Editor.Domain.Tests/SSRS.Brand.Editor.Domain.Tests.csproj" />
    <Project Path="tests/SSRS.Brand.Editor.Infrastructure.Tests/SSRS.Brand.Editor.Infrastructure.Tests.csproj" />
    <Project Path="tests/SSRS.Brand.Editor.Presentation.Tests/SSRS.Brand.Editor.Presentation.Tests.csproj" />
  </Folder>
</Solution>