
Microsoft Visual Studio Solution File, Format Version 12.00
# Visual Studio Version 17
VisualStudioVersion = 17.0.31903.59
MinimumVisualStudioVersion = 10.0.40219.1
Project("{2150E333-8FDC-42A3-9474-1A3956D46DE8}") = "Solution Items", "Solution Items", "{73B67721-5EFA-4BA3-9927-FC4F4B9D7192}"
	ProjectSection(SolutionItems) = preProject
		.editorconfig = .editorconfig
		.gitignore = .gitignore
		Directory.Build.props = Directory.Build.props
		Directory.Build.targets = Directory.Build.targets
		LICENSE = LICENSE
		PublicKey.snk = PublicKey.snk
		README.md = README.md
	EndProjectSection
EndProject
Project("{2150E333-8FDC-42A3-9474-1A3956D46DE8}") = "src", "src", "{FD4098AF-3502-475B-86B1-B122CCE1042D}"
EndProject
Project("{9A19103F-16F7-4668-BE54-9A1E7A4F7556}") = "SSRS.Brand.Editor.Domain", "src\SSRS.Brand.Editor.Domain\SSRS.Brand.Editor.Domain.csproj", "{DE7C8009-472F-49CF-96B5-2CFF38F04AC0}"
EndProject
Project("{9A19103F-16F7-4668-BE54-9A1E7A4F7556}") = "SSRS.Brand.Editor.Application", "src\SSRS.Brand.Editor.Application\SSRS.Brand.Editor.Application.csproj", "{B4AF767A-393F-4840-8767-7E323C37E5F0}"
EndProject
Project("{9A19103F-16F7-4668-BE54-9A1E7A4F7556}") = "SSRS.Brand.Editor.Infrastructure", "src\SSRS.Brand.Editor.Infrastructure\SSRS.Brand.Editor.Infrastructure.csproj", "{CDE3C3A4-CE05-405A-A49A-BC99D3CE762B}"
EndProject
Project("{9A19103F-16F7-4668-BE54-9A1E7A4F7556}") = "SSRS.Brand.Editor.Presentation", "src\SSRS.Brand.Editor.Presentation\SSRS.Brand.Editor.Presentation.csproj", "{F31264E1-5E52-478E-9FAD-2DC26E0464F0}"
EndProject
Project("{9A19103F-16F7-4668-BE54-9A1E7A4F7556}") = "SSRS.Brand.Editor", "src\SSRS.Brand.Editor\SSRS.Brand.Editor.csproj", "{D552BFDA-427F-4294-A547-5C96099F645C}"
EndProject
Project("{2150E333-8FDC-42A3-9474-1A3956D46DE8}") = "tests", "tests", "{7D91EC0F-8544-4DA2-95CC-1F18D1DAEC65}"
EndProject
Project("{9A19103F-16F7-4668-BE54-9A1E7A4F7556}") = "SSRS.Brand.Editor.DomainTests", "tests\SSRS.Brand.Editor.DomainTests\SSRS.Brand.Editor.DomainTests.csproj", "{36F105C2-07AA-49CA-85E3-5A49814289DD}"
EndProject
Project("{9A19103F-16F7-4668-BE54-9A1E7A4F7556}") = "SSRS.Brand.Editor.ApplicationTests", "tests\SSRS.Brand.Editor.ApplicationTests\SSRS.Brand.Editor.ApplicationTests.csproj", "{74AC0891-75F3-4EC1-B96C-1147931D1136}"
EndProject
Project("{9A19103F-16F7-4668-BE54-9A1E7A4F7556}") = "SSRS.Brand.Editor.InfrastructureTests", "tests\SSRS.Brand.Editor.InfrastructureTests\SSRS.Brand.Editor.InfrastructureTests.csproj", "{3938770D-05A0-4AC1-B9C2-69CEC3E0165D}"
EndProject
Global
	GlobalSection(SolutionConfigurationPlatforms) = preSolution
		Debug|x64 = Debug|x64
		Release|x64 = Release|x64
	EndGlobalSection
	GlobalSection(ProjectConfigurationPlatforms) = postSolution
		{DE7C8009-472F-49CF-96B5-2CFF38F04AC0}.Debug|x64.ActiveCfg = Debug|x64
		{DE7C8009-472F-49CF-96B5-2CFF38F04AC0}.Debug|x64.Build.0 = Debug|x64
		{DE7C8009-472F-49CF-96B5-2CFF38F04AC0}.Release|x64.ActiveCfg = Release|x64
		{DE7C8009-472F-49CF-96B5-2CFF38F04AC0}.Release|x64.Build.0 = Release|x64
		{B4AF767A-393F-4840-8767-7E323C37E5F0}.Debug|x64.ActiveCfg = Debug|x64
		{B4AF767A-393F-4840-8767-7E323C37E5F0}.Debug|x64.Build.0 = Debug|x64
		{B4AF767A-393F-4840-8767-7E323C37E5F0}.Release|x64.ActiveCfg = Release|x64
		{B4AF767A-393F-4840-8767-7E323C37E5F0}.Release|x64.Build.0 = Release|x64
		{CDE3C3A4-CE05-405A-A49A-BC99D3CE762B}.Debug|x64.ActiveCfg = Debug|x64
		{CDE3C3A4-CE05-405A-A49A-BC99D3CE762B}.Debug|x64.Build.0 = Debug|x64
		{CDE3C3A4-CE05-405A-A49A-BC99D3CE762B}.Release|x64.ActiveCfg = Release|x64
		{CDE3C3A4-CE05-405A-A49A-BC99D3CE762B}.Release|x64.Build.0 = Release|x64
		{F31264E1-5E52-478E-9FAD-2DC26E0464F0}.Debug|x64.ActiveCfg = Debug|x64
		{F31264E1-5E52-478E-9FAD-2DC26E0464F0}.Debug|x64.Build.0 = Debug|x64
		{F31264E1-5E52-478E-9FAD-2DC26E0464F0}.Release|x64.ActiveCfg = Release|x64
		{F31264E1-5E52-478E-9FAD-2DC26E0464F0}.Release|x64.Build.0 = Release|x64
		{D552BFDA-427F-4294-A547-5C96099F645C}.Debug|x64.ActiveCfg = Debug|x64
		{D552BFDA-427F-4294-A547-5C96099F645C}.Debug|x64.Build.0 = Debug|x64
		{D552BFDA-427F-4294-A547-5C96099F645C}.Release|x64.ActiveCfg = Release|x64
		{D552BFDA-427F-4294-A547-5C96099F645C}.Release|x64.Build.0 = Release|x64
		{36F105C2-07AA-49CA-85E3-5A49814289DD}.Debug|x64.ActiveCfg = Debug|x64
		{36F105C2-07AA-49CA-85E3-5A49814289DD}.Debug|x64.Build.0 = Debug|x64
		{36F105C2-07AA-49CA-85E3-5A49814289DD}.Release|x64.ActiveCfg = Release|x64
		{36F105C2-07AA-49CA-85E3-5A49814289DD}.Release|x64.Build.0 = Release|x64
		{74AC0891-75F3-4EC1-B96C-1147931D1136}.Debug|x64.ActiveCfg = Debug|x64
		{74AC0891-75F3-4EC1-B96C-1147931D1136}.Debug|x64.Build.0 = Debug|x64
		{74AC0891-75F3-4EC1-B96C-1147931D1136}.Release|x64.ActiveCfg = Release|x64
		{74AC0891-75F3-4EC1-B96C-1147931D1136}.Release|x64.Build.0 = Release|x64
		{3938770D-05A0-4AC1-B9C2-69CEC3E0165D}.Debug|x64.ActiveCfg = Debug|x64
		{3938770D-05A0-4AC1-B9C2-69CEC3E0165D}.Debug|x64.Build.0 = Debug|x64
		{3938770D-05A0-4AC1-B9C2-69CEC3E0165D}.Release|x64.ActiveCfg = Release|x64
		{3938770D-05A0-4AC1-B9C2-69CEC3E0165D}.Release|x64.Build.0 = Release|x64
	EndGlobalSection
	GlobalSection(SolutionProperties) = preSolution
		HideSolutionNode = FALSE
	EndGlobalSection
	GlobalSection(NestedProjects) = preSolution
		{DE7C8009-472F-49CF-96B5-2CFF38F04AC0} = {FD4098AF-3502-475B-86B1-B122CCE1042D}
		{B4AF767A-393F-4840-8767-7E323C37E5F0} = {FD4098AF-3502-475B-86B1-B122CCE1042D}
		{CDE3C3A4-CE05-405A-A49A-BC99D3CE762B} = {FD4098AF-3502-475B-86B1-B122CCE1042D}
		{F31264E1-5E52-478E-9FAD-2DC26E0464F0} = {FD4098AF-3502-475B-86B1-B122CCE1042D}
		{D552BFDA-427F-4294-A547-5C96099F645C} = {FD4098AF-3502-475B-86B1-B122CCE1042D}
		{36F105C2-07AA-49CA-85E3-5A49814289DD} = {7D91EC0F-8544-4DA2-95CC-1F18D1DAEC65}
		{74AC0891-75F3-4EC1-B96C-1147931D1136} = {7D91EC0F-8544-4DA2-95CC-1F18D1DAEC65}
		{3938770D-05A0-4AC1-B9C2-69CEC3E0165D} = {7D91EC0F-8544-4DA2-95CC-1F18D1DAEC65}
	EndGlobalSection
	GlobalSection(ExtensibilityGlobals) = postSolution
		SolutionGuid = {91420860-34D6-42D4-BAED-D3B7CC7E8742}
	EndGlobalSection
EndGlobal
